
Microsoft Visual Studio Solution File, Format Version 12.00
# Visual Studio Version 17
VisualStudioVersion = 17.10.35027.167
MinimumVisualStudioVersion = 10.0.40219.1
Project("{FAE04EC0-301F-11D3-BF4B-00C04F79EFBC}") = "FileManagementAPI", "FileManagementAPI.csproj", "{D1737493-F06C-4DBE-A88B-8F1A37EC391C}"
EndProject
Global
	GlobalSection(SolutionConfigurationPlatforms) = preSolution
		Debug|Any CPU = Debug|Any CPU
		Release|Any CPU = Release|Any CPU
	EndGlobalSection
	GlobalSection(ProjectConfigurationPlatforms) = postSolution
		{D1737493-F06C-4DBE-A88B-8F1A37EC391C}.Debug|Any CPU.ActiveCfg = Debug|Any CPU
		{D1737493-F06C-4DBE-A88B-8F1A37EC391C}.Debug|Any CPU.Build.0 = Debug|Any CPU
		{D1737493-F06C-4DBE-A88B-8F1A37EC391C}.Release|Any CPU.ActiveCfg = Release|Any CPU
		{D1737493-F06C-4DBE-A88B-8F1A37EC391C}.Release|Any CPU.Build.0 = Release|Any CPU
	EndGlobalSection
	GlobalSection(SolutionProperties) = preSolution
		HideSolutionNode = FALSE
	EndGlobalSection
	GlobalSection(ExtensibilityGlobals) = postSolution
		SolutionGuid = {5B78D815-0A68-4556-86CE-BB0716885127}
	EndGlobalSection
EndGlobal
